// !$*UTF8*$!
{
	archiveVersion = 1;
	classes = {
	};
	objectVersion = 48;
	objects = {

/* Begin PBXBuildFile section */
		2E5019E5B3B5C734B00528D3 /* Pods_LastfmClientTests.framework in Frameworks */ = {isa = PBXBuildFile; fileRef = AC10C93A5B58DBA308A8769C /* Pods_LastfmClientTests.framework */; };
		32484B8F2037F27600BCE94B /* LastfmClient.framework in Frameworks */ = {isa = PBXBuildFile; fileRef = 32484B852037F27600BCE94B /* LastfmClient.framework */; };
		32484B962037F27600BCE94B /* LastfmClient.h in Headers */ = {isa = PBXBuildFile; fileRef = 32484B882037F27600BCE94B /* LastfmClient.h */; settings = {ATTRIBUTES = (Public, ); }; };
		32484BA62037F2C600BCE94B /* AppDelegate.swift in Sources */ = {isa = PBXBuildFile; fileRef = 32484BA52037F2C600BCE94B /* AppDelegate.swift */; };
		32484BA82037F2C600BCE94B /* ViewController.swift in Sources */ = {isa = PBXBuildFile; fileRef = 32484BA72037F2C600BCE94B /* ViewController.swift */; };
		32484BAB2037F2C600BCE94B /* Main.storyboard in Resources */ = {isa = PBXBuildFile; fileRef = 32484BA92037F2C600BCE94B /* Main.storyboard */; };
		32484BAD2037F2C600BCE94B /* Assets.xcassets in Resources */ = {isa = PBXBuildFile; fileRef = 32484BAC2037F2C600BCE94B /* Assets.xcassets */; };
		32484BB02037F2C600BCE94B /* LaunchScreen.storyboard in Resources */ = {isa = PBXBuildFile; fileRef = 32484BAE2037F2C600BCE94B /* LaunchScreen.storyboard */; };
		32484BC42037F7D200BCE94B /* LastfmAPI.swift in Sources */ = {isa = PBXBuildFile; fileRef = 32484BC32037F7D200BCE94B /* LastfmAPI.swift */; };
		32484BC62037F9D500BCE94B /* Configuration.swift in Sources */ = {isa = PBXBuildFile; fileRef = 32484BC52037F9D500BCE94B /* Configuration.swift */; };
		32484BCC2038001B00BCE94B /* UserAPI.swift in Sources */ = {isa = PBXBuildFile; fileRef = 32484BCB2038001B00BCE94B /* UserAPI.swift */; };
		32484BCE2038052D00BCE94B /* TestConfiguration.swift in Sources */ = {isa = PBXBuildFile; fileRef = 32484BCD2038052D00BCE94B /* TestConfiguration.swift */; };
		32484BD02038053B00BCE94B /* TestConfiguration.sample.swift in Sources */ = {isa = PBXBuildFile; fileRef = 32484BCF2038053B00BCE94B /* TestConfiguration.sample.swift */; };
		326A99862038152F004E9F05 /* UserTests.swift in Sources */ = {isa = PBXBuildFile; fileRef = 326A99852038152F004E9F05 /* UserTests.swift */; };
		32CACFFB20384CA9004BAC93 /* StringCodableMap.swift in Sources */ = {isa = PBXBuildFile; fileRef = 32CACFFA20384CA9004BAC93 /* StringCodableMap.swift */; };
		32CACFFD20384CCC004BAC93 /* User.swift in Sources */ = {isa = PBXBuildFile; fileRef = 32CACFFC20384CCC004BAC93 /* User.swift */; };
		58DCBD91F7417E4CFAF32305 /* Pods_Demo.framework in Frameworks */ = {isa = PBXBuildFile; fileRef = 76E714DD3E41BBEDCE37C795 /* Pods_Demo.framework */; };
		B4153495DF7F0238D37BE39F /* Pods_LastfmClient.framework in Frameworks */ = {isa = PBXBuildFile; fileRef = EC5C1E1194E1FAD5EB4C8575 /* Pods_LastfmClient.framework */; };
/* End PBXBuildFile section */

/* Begin PBXContainerItemProxy section */
		32484B902037F27600BCE94B /* PBXContainerItemProxy */ = {
			isa = PBXContainerItemProxy;
			containerPortal = 32484B7C2037F27500BCE94B /* Project object */;
			proxyType = 1;
			remoteGlobalIDString = 32484B842037F27500BCE94B;
			remoteInfo = LastfmClient;
		};
/* End PBXContainerItemProxy section */

/* Begin PBXFileReference section */
		020687654B5D4344B53FC842 /* Pods-LastfmClientTests.debug.xcconfig */ = {isa = PBXFileReference; includeInIndex = 1; lastKnownFileType = text.xcconfig; name = "Pods-LastfmClientTests.debug.xcconfig"; path = "Pods/Target Support Files/Pods-LastfmClientTests/Pods-LastfmClientTests.debug.xcconfig"; sourceTree = "<group>"; };
		32484B852037F27600BCE94B /* LastfmClient.framework */ = {isa = PBXFileReference; explicitFileType = wrapper.framework; includeInIndex = 0; path = LastfmClient.framework; sourceTree = BUILT_PRODUCTS_DIR; };
		32484B882037F27600BCE94B /* LastfmClient.h */ = {isa = PBXFileReference; lastKnownFileType = sourcecode.c.h; path = LastfmClient.h; sourceTree = "<group>"; };
		32484B892037F27600BCE94B /* Info.plist */ = {isa = PBXFileReference; lastKnownFileType = text.plist.xml; path = Info.plist; sourceTree = "<group>"; };
		32484B8E2037F27600BCE94B /* LastfmClientTests.xctest */ = {isa = PBXFileReference; explicitFileType = wrapper.cfbundle; includeInIndex = 0; path = LastfmClientTests.xctest; sourceTree = BUILT_PRODUCTS_DIR; };
		32484B952037F27600BCE94B /* Info.plist */ = {isa = PBXFileReference; lastKnownFileType = text.plist.xml; path = Info.plist; sourceTree = "<group>"; };
		32484BA32037F2C600BCE94B /* Demo.app */ = {isa = PBXFileReference; explicitFileType = wrapper.application; includeInIndex = 0; path = Demo.app; sourceTree = BUILT_PRODUCTS_DIR; };
		32484BA52037F2C600BCE94B /* AppDelegate.swift */ = {isa = PBXFileReference; lastKnownFileType = sourcecode.swift; path = AppDelegate.swift; sourceTree = "<group>"; };
		32484BA72037F2C600BCE94B /* ViewController.swift */ = {isa = PBXFileReference; lastKnownFileType = sourcecode.swift; path = ViewController.swift; sourceTree = "<group>"; };
		32484BAA2037F2C600BCE94B /* Base */ = {isa = PBXFileReference; lastKnownFileType = file.storyboard; name = Base; path = Base.lproj/Main.storyboard; sourceTree = "<group>"; };
		32484BAC2037F2C600BCE94B /* Assets.xcassets */ = {isa = PBXFileReference; lastKnownFileType = folder.assetcatalog; path = Assets.xcassets; sourceTree = "<group>"; };
		32484BAF2037F2C600BCE94B /* Base */ = {isa = PBXFileReference; lastKnownFileType = file.storyboard; name = Base; path = Base.lproj/LaunchScreen.storyboard; sourceTree = "<group>"; };
		32484BB12037F2C600BCE94B /* Info.plist */ = {isa = PBXFileReference; lastKnownFileType = text.plist.xml; path = Info.plist; sourceTree = "<group>"; };
		32484BC32037F7D200BCE94B /* LastfmAPI.swift */ = {isa = PBXFileReference; lastKnownFileType = sourcecode.swift; path = LastfmAPI.swift; sourceTree = "<group>"; };
		32484BC52037F9D500BCE94B /* Configuration.swift */ = {isa = PBXFileReference; lastKnownFileType = sourcecode.swift; path = Configuration.swift; sourceTree = "<group>"; };
		32484BCB2038001B00BCE94B /* UserAPI.swift */ = {isa = PBXFileReference; lastKnownFileType = sourcecode.swift; path = UserAPI.swift; sourceTree = "<group>"; };
		32484BCD2038052D00BCE94B /* TestConfiguration.swift */ = {isa = PBXFileReference; lastKnownFileType = sourcecode.swift; path = TestConfiguration.swift; sourceTree = "<group>"; };
		32484BCF2038053B00BCE94B /* TestConfiguration.sample.swift */ = {isa = PBXFileReference; lastKnownFileType = sourcecode.swift; path = TestConfiguration.sample.swift; sourceTree = "<group>"; };
		326A99852038152F004E9F05 /* UserTests.swift */ = {isa = PBXFileReference; lastKnownFileType = sourcecode.swift; path = UserTests.swift; sourceTree = "<group>"; };
		32CACFFA20384CA9004BAC93 /* StringCodableMap.swift */ = {isa = PBXFileReference; lastKnownFileType = sourcecode.swift; path = StringCodableMap.swift; sourceTree = "<group>"; };
		32CACFFC20384CCC004BAC93 /* User.swift */ = {isa = PBXFileReference; lastKnownFileType = sourcecode.swift; path = User.swift; sourceTree = "<group>"; };
		3AFD905FC1FB496D956E3F97 /* Pods-LastfmClient.debug.xcconfig */ = {isa = PBXFileReference; includeInIndex = 1; lastKnownFileType = text.xcconfig; name = "Pods-LastfmClient.debug.xcconfig"; path = "Pods/Target Support Files/Pods-LastfmClient/Pods-LastfmClient.debug.xcconfig"; sourceTree = "<group>"; };
		76E714DD3E41BBEDCE37C795 /* Pods_Demo.framework */ = {isa = PBXFileReference; explicitFileType = wrapper.framework; includeInIndex = 0; path = Pods_Demo.framework; sourceTree = BUILT_PRODUCTS_DIR; };
		9EF76276C8DD22DEA0699803 /* Pods-LastfmClient.release.xcconfig */ = {isa = PBXFileReference; includeInIndex = 1; lastKnownFileType = text.xcconfig; name = "Pods-LastfmClient.release.xcconfig"; path = "Pods/Target Support Files/Pods-LastfmClient/Pods-LastfmClient.release.xcconfig"; sourceTree = "<group>"; };
		AC10C93A5B58DBA308A8769C /* Pods_LastfmClientTests.framework */ = {isa = PBXFileReference; explicitFileType = wrapper.framework; includeInIndex = 0; path = Pods_LastfmClientTests.framework; sourceTree = BUILT_PRODUCTS_DIR; };
		BD1AFB9BC0048A78DDE9D0CB /* Pods-Demo.debug.xcconfig */ = {isa = PBXFileReference; includeInIndex = 1; lastKnownFileType = text.xcconfig; name = "Pods-Demo.debug.xcconfig"; path = "Pods/Target Support Files/Pods-Demo/Pods-Demo.debug.xcconfig"; sourceTree = "<group>"; };
		BE035DF86367E2D11CE73EA2 /* Pods-Demo.release.xcconfig */ = {isa = PBXFileReference; includeInIndex = 1; lastKnownFileType = text.xcconfig; name = "Pods-Demo.release.xcconfig"; path = "Pods/Target Support Files/Pods-Demo/Pods-Demo.release.xcconfig"; sourceTree = "<group>"; };
		E7510002203317D9B2F109FD /* Pods-LastfmClientTests.release.xcconfig */ = {isa = PBXFileReference; includeInIndex = 1; lastKnownFileType = text.xcconfig; name = "Pods-LastfmClientTests.release.xcconfig"; path = "Pods/Target Support Files/Pods-LastfmClientTests/Pods-LastfmClientTests.release.xcconfig"; sourceTree = "<group>"; };
		EC5C1E1194E1FAD5EB4C8575 /* Pods_LastfmClient.framework */ = {isa = PBXFileReference; explicitFileType = wrapper.framework; includeInIndex = 0; path = Pods_LastfmClient.framework; sourceTree = BUILT_PRODUCTS_DIR; };
/* End PBXFileReference section */

/* Begin PBXFrameworksBuildPhase section */
		32484B812037F27500BCE94B /* Frameworks */ = {
			isa = PBXFrameworksBuildPhase;
			buildActionMask = 2147483647;
			files = (
				B4153495DF7F0238D37BE39F /* Pods_LastfmClient.framework in Frameworks */,
			);
			runOnlyForDeploymentPostprocessing = 0;
		};
		32484B8B2037F27600BCE94B /* Frameworks */ = {
			isa = PBXFrameworksBuildPhase;
			buildActionMask = 2147483647;
			files = (
				32484B8F2037F27600BCE94B /* LastfmClient.framework in Frameworks */,
				2E5019E5B3B5C734B00528D3 /* Pods_LastfmClientTests.framework in Frameworks */,
			);
			runOnlyForDeploymentPostprocessing = 0;
		};
		32484BA02037F2C600BCE94B /* Frameworks */ = {
			isa = PBXFrameworksBuildPhase;
			buildActionMask = 2147483647;
			files = (
				58DCBD91F7417E4CFAF32305 /* Pods_Demo.framework in Frameworks */,
			);
			runOnlyForDeploymentPostprocessing = 0;
		};
/* End PBXFrameworksBuildPhase section */

/* Begin PBXGroup section */
		32484B7B2037F27500BCE94B = {
			isa = PBXGroup;
			children = (
				32484B872037F27600BCE94B /* LastfmClient */,
				32484B922037F27600BCE94B /* LastfmClientTests */,
				32484BA42037F2C600BCE94B /* Demo */,
				32484B862037F27600BCE94B /* Products */,
				6DA684732C917BEB17C614BF /* Pods */,
				D497CF5F8C4DFDF5FD751ACD /* Frameworks */,
			);
			sourceTree = "<group>";
		};
		32484B862037F27600BCE94B /* Products */ = {
			isa = PBXGroup;
			children = (
				32484B852037F27600BCE94B /* LastfmClient.framework */,
				32484B8E2037F27600BCE94B /* LastfmClientTests.xctest */,
				32484BA32037F2C600BCE94B /* Demo.app */,
			);
			name = Products;
			sourceTree = "<group>";
		};
		32484B872037F27600BCE94B /* LastfmClient */ = {
			isa = PBXGroup;
			children = (
				32CACFF920384C8B004BAC93 /* Decodable */,
				32484BC82037FFD200BCE94B /* Entity */,
				32484B882037F27600BCE94B /* LastfmClient.h */,
				32484B892037F27600BCE94B /* Info.plist */,
				32484BCB2038001B00BCE94B /* UserAPI.swift */,
				32484BC32037F7D200BCE94B /* LastfmAPI.swift */,
				32484BC52037F9D500BCE94B /* Configuration.swift */,
			);
			path = LastfmClient;
			sourceTree = "<group>";
		};
		32484B922037F27600BCE94B /* LastfmClientTests */ = {
			isa = PBXGroup;
			children = (
				32484B952037F27600BCE94B /* Info.plist */,
				32484BCD2038052D00BCE94B /* TestConfiguration.swift */,
				32484BCF2038053B00BCE94B /* TestConfiguration.sample.swift */,
				326A99852038152F004E9F05 /* UserTests.swift */,
			);
			path = LastfmClientTests;
			sourceTree = "<group>";
		};
		32484BA42037F2C600BCE94B /* Demo */ = {
			isa = PBXGroup;
			children = (
				32484BA52037F2C600BCE94B /* AppDelegate.swift */,
				32484BA72037F2C600BCE94B /* ViewController.swift */,
				32484BA92037F2C600BCE94B /* Main.storyboard */,
				32484BAC2037F2C600BCE94B /* Assets.xcassets */,
				32484BAE2037F2C600BCE94B /* LaunchScreen.storyboard */,
				32484BB12037F2C600BCE94B /* Info.plist */,
			);
			path = Demo;
			sourceTree = "<group>";
		};
		32484BC82037FFD200BCE94B /* Entity */ = {
			isa = PBXGroup;
			children = (
				32CACFFC20384CCC004BAC93 /* User.swift */,
			);
			path = Entity;
			sourceTree = "<group>";
		};
		32CACFF920384C8B004BAC93 /* Decodable */ = {
			isa = PBXGroup;
			children = (
				32CACFFA20384CA9004BAC93 /* StringCodableMap.swift */,
			);
			path = Decodable;
			sourceTree = "<group>";
		};
		6DA684732C917BEB17C614BF /* Pods */ = {
			isa = PBXGroup;
			children = (
				BD1AFB9BC0048A78DDE9D0CB /* Pods-Demo.debug.xcconfig */,
				BE035DF86367E2D11CE73EA2 /* Pods-Demo.release.xcconfig */,
				3AFD905FC1FB496D956E3F97 /* Pods-LastfmClient.debug.xcconfig */,
				9EF76276C8DD22DEA0699803 /* Pods-LastfmClient.release.xcconfig */,
				020687654B5D4344B53FC842 /* Pods-LastfmClientTests.debug.xcconfig */,
				E7510002203317D9B2F109FD /* Pods-LastfmClientTests.release.xcconfig */,
			);
			name = Pods;
			sourceTree = "<group>";
		};
		D497CF5F8C4DFDF5FD751ACD /* Frameworks */ = {
			isa = PBXGroup;
			children = (
				76E714DD3E41BBEDCE37C795 /* Pods_Demo.framework */,
				EC5C1E1194E1FAD5EB4C8575 /* Pods_LastfmClient.framework */,
				AC10C93A5B58DBA308A8769C /* Pods_LastfmClientTests.framework */,
			);
			name = Frameworks;
			sourceTree = "<group>";
		};
/* End PBXGroup section */

/* Begin PBXHeadersBuildPhase section */
		32484B822037F27500BCE94B /* Headers */ = {
			isa = PBXHeadersBuildPhase;
			buildActionMask = 2147483647;
			files = (
				32484B962037F27600BCE94B /* LastfmClient.h in Headers */,
			);
			runOnlyForDeploymentPostprocessing = 0;
		};
/* End PBXHeadersBuildPhase section */

/* Begin PBXNativeTarget section */
		32484B842037F27500BCE94B /* LastfmClient */ = {
			isa = PBXNativeTarget;
			buildConfigurationList = 32484B992037F27600BCE94B /* Build configuration list for PBXNativeTarget "LastfmClient" */;
			buildPhases = (
				C159EDD4B492B99581F29129 /* [CP] Check Pods Manifest.lock */,
				32484B802037F27500BCE94B /* Sources */,
				32484B812037F27500BCE94B /* Frameworks */,
				32484B822037F27500BCE94B /* Headers */,
				32484B832037F27500BCE94B /* Resources */,
				50F2EC20E1A2045CD7B52A1F /* [CP] Copy Pods Resources */,
			);
			buildRules = (
			);
			dependencies = (
			);
			name = LastfmClient;
			productName = LastfmClient;
			productReference = 32484B852037F27600BCE94B /* LastfmClient.framework */;
			productType = "com.apple.product-type.framework";
		};
		32484B8D2037F27600BCE94B /* LastfmClientTests */ = {
			isa = PBXNativeTarget;
			buildConfigurationList = 32484B9C2037F27600BCE94B /* Build configuration list for PBXNativeTarget "LastfmClientTests" */;
			buildPhases = (
				554C21B814C8863C229826DC /* [CP] Check Pods Manifest.lock */,
				32484B8A2037F27600BCE94B /* Sources */,
				32484B8B2037F27600BCE94B /* Frameworks */,
				32484B8C2037F27600BCE94B /* Resources */,
				0FB824CE28CFB92C557B3B41 /* [CP] Embed Pods Frameworks */,
				40AEF841B0DF567990807702 /* [CP] Copy Pods Resources */,
			);
			buildRules = (
			);
			dependencies = (
				32484B912037F27600BCE94B /* PBXTargetDependency */,
			);
			name = LastfmClientTests;
			productName = LastfmClientTests;
			productReference = 32484B8E2037F27600BCE94B /* LastfmClientTests.xctest */;
			productType = "com.apple.product-type.bundle.unit-test";
		};
		32484BA22037F2C600BCE94B /* Demo */ = {
			isa = PBXNativeTarget;
			buildConfigurationList = 32484BBD2037F2C600BCE94B /* Build configuration list for PBXNativeTarget "Demo" */;
			buildPhases = (
				AAFE08F05C334DA564D250D2 /* [CP] Check Pods Manifest.lock */,
				32484B9F2037F2C600BCE94B /* Sources */,
				32484BA02037F2C600BCE94B /* Frameworks */,
				32484BA12037F2C600BCE94B /* Resources */,
				5267B2FF21F7AA0868C85BA4 /* [CP] Embed Pods Frameworks */,
				EFC7C846E89A67304C21740B /* [CP] Copy Pods Resources */,
			);
			buildRules = (
			);
			dependencies = (
			);
			name = Demo;
			productName = Demo;
			productReference = 32484BA32037F2C600BCE94B /* Demo.app */;
			productType = "com.apple.product-type.application";
		};
/* End PBXNativeTarget section */

/* Begin PBXProject section */
		32484B7C2037F27500BCE94B /* Project object */ = {
			isa = PBXProject;
			attributes = {
				LastSwiftUpdateCheck = 0920;
				LastUpgradeCheck = 0920;
				ORGANIZATIONNAME = star__hoshi;
				TargetAttributes = {
					32484B842037F27500BCE94B = {
						CreatedOnToolsVersion = 9.2;
						LastSwiftMigration = 0920;
						ProvisioningStyle = Automatic;
					};
					32484B8D2037F27600BCE94B = {
						CreatedOnToolsVersion = 9.2;
						ProvisioningStyle = Automatic;
					};
					32484BA22037F2C600BCE94B = {
						CreatedOnToolsVersion = 9.2;
						ProvisioningStyle = Automatic;
					};
				};
			};
			buildConfigurationList = 32484B7F2037F27500BCE94B /* Build configuration list for PBXProject "LastfmClient" */;
			compatibilityVersion = "Xcode 8.0";
			developmentRegion = en;
			hasScannedForEncodings = 0;
			knownRegions = (
				en,
				Base,
			);
			mainGroup = 32484B7B2037F27500BCE94B;
			productRefGroup = 32484B862037F27600BCE94B /* Products */;
			projectDirPath = "";
			projectRoot = "";
			targets = (
				32484B842037F27500BCE94B /* LastfmClient */,
				32484B8D2037F27600BCE94B /* LastfmClientTests */,
				32484BA22037F2C600BCE94B /* Demo */,
			);
		};
/* End PBXProject section */

/* Begin PBXResourcesBuildPhase section */
		32484B832037F27500BCE94B /* Resources */ = {
			isa = PBXResourcesBuildPhase;
			buildActionMask = 2147483647;
			files = (
			);
			runOnlyForDeploymentPostprocessing = 0;
		};
		32484B8C2037F27600BCE94B /* Resources */ = {
			isa = PBXResourcesBuildPhase;
			buildActionMask = 2147483647;
			files = (
			);
			runOnlyForDeploymentPostprocessing = 0;
		};
		32484BA12037F2C600BCE94B /* Resources */ = {
			isa = PBXResourcesBuildPhase;
			buildActionMask = 2147483647;
			files = (
				32484BB02037F2C600BCE94B /* LaunchScreen.storyboard in Resources */,
				32484BAD2037F2C600BCE94B /* Assets.xcassets in Resources */,
				32484BAB2037F2C600BCE94B /* Main.storyboard in Resources */,
			);
			runOnlyForDeploymentPostprocessing = 0;
		};
/* End PBXResourcesBuildPhase section */

/* Begin PBXShellScriptBuildPhase section */
		0FB824CE28CFB92C557B3B41 /* [CP] Embed Pods Frameworks */ = {
			isa = PBXShellScriptBuildPhase;
			buildActionMask = 2147483647;
			files = (
			);
			inputPaths = (
				"${SRCROOT}/Pods/Target Support Files/Pods-LastfmClientTests/Pods-LastfmClientTests-frameworks.sh",
				"${BUILT_PRODUCTS_DIR}/APIKit/APIKit.framework",
				"${BUILT_PRODUCTS_DIR}/Result/Result.framework",
			);
			name = "[CP] Embed Pods Frameworks";
			outputPaths = (
				"${TARGET_BUILD_DIR}/${FRAMEWORKS_FOLDER_PATH}/APIKit.framework",
				"${TARGET_BUILD_DIR}/${FRAMEWORKS_FOLDER_PATH}/Result.framework",
			);
			runOnlyForDeploymentPostprocessing = 0;
			shellPath = /bin/sh;
			shellScript = "\"${SRCROOT}/Pods/Target Support Files/Pods-LastfmClientTests/Pods-LastfmClientTests-frameworks.sh\"\n";
			showEnvVarsInLog = 0;
		};
		40AEF841B0DF567990807702 /* [CP] Copy Pods Resources */ = {
			isa = PBXShellScriptBuildPhase;
			buildActionMask = 2147483647;
			files = (
			);
			inputPaths = (
			);
			name = "[CP] Copy Pods Resources";
			outputPaths = (
			);
			runOnlyForDeploymentPostprocessing = 0;
			shellPath = /bin/sh;
			shellScript = "\"${SRCROOT}/Pods/Target Support Files/Pods-LastfmClientTests/Pods-LastfmClientTests-resources.sh\"\n";
			showEnvVarsInLog = 0;
		};
		50F2EC20E1A2045CD7B52A1F /* [CP] Copy Pods Resources */ = {
			isa = PBXShellScriptBuildPhase;
			buildActionMask = 2147483647;
			files = (
			);
			inputPaths = (
			);
			name = "[CP] Copy Pods Resources";
			outputPaths = (
			);
			runOnlyForDeploymentPostprocessing = 0;
			shellPath = /bin/sh;
			shellScript = "\"${SRCROOT}/Pods/Target Support Files/Pods-LastfmClient/Pods-LastfmClient-resources.sh\"\n";
			showEnvVarsInLog = 0;
		};
		5267B2FF21F7AA0868C85BA4 /* [CP] Embed Pods Frameworks */ = {
			isa = PBXShellScriptBuildPhase;
			buildActionMask = 2147483647;
			files = (
			);
			inputPaths = (
				"${SRCROOT}/Pods/Target Support Files/Pods-Demo/Pods-Demo-frameworks.sh",
				"${BUILT_PRODUCTS_DIR}/APIKit/APIKit.framework",
				"${BUILT_PRODUCTS_DIR}/Result/Result.framework",
			);
			name = "[CP] Embed Pods Frameworks";
			outputPaths = (
				"${TARGET_BUILD_DIR}/${FRAMEWORKS_FOLDER_PATH}/APIKit.framework",
				"${TARGET_BUILD_DIR}/${FRAMEWORKS_FOLDER_PATH}/Result.framework",
			);
			runOnlyForDeploymentPostprocessing = 0;
			shellPath = /bin/sh;
			shellScript = "\"${SRCROOT}/Pods/Target Support Files/Pods-Demo/Pods-Demo-frameworks.sh\"\n";
			showEnvVarsInLog = 0;
		};
		554C21B814C8863C229826DC /* [CP] Check Pods Manifest.lock */ = {
			isa = PBXShellScriptBuildPhase;
			buildActionMask = 2147483647;
			files = (
			);
			inputPaths = (
				"${PODS_PODFILE_DIR_PATH}/Podfile.lock",
				"${PODS_ROOT}/Manifest.lock",
			);
			name = "[CP] Check Pods Manifest.lock";
			outputPaths = (
				"$(DERIVED_FILE_DIR)/Pods-LastfmClientTests-checkManifestLockResult.txt",
			);
			runOnlyForDeploymentPostprocessing = 0;
			shellPath = /bin/sh;
			shellScript = "diff \"${PODS_PODFILE_DIR_PATH}/Podfile.lock\" \"${PODS_ROOT}/Manifest.lock\" > /dev/null\nif [ $? != 0 ] ; then\n    # print error to STDERR\n    echo \"error: The sandbox is not in sync with the Podfile.lock. Run 'pod install' or update your CocoaPods installation.\" >&2\n    exit 1\nfi\n# This output is used by Xcode 'outputs' to avoid re-running this script phase.\necho \"SUCCESS\" > \"${SCRIPT_OUTPUT_FILE_0}\"\n";
			showEnvVarsInLog = 0;
		};
		AAFE08F05C334DA564D250D2 /* [CP] Check Pods Manifest.lock */ = {
			isa = PBXShellScriptBuildPhase;
			buildActionMask = 2147483647;
			files = (
			);
			inputPaths = (
				"${PODS_PODFILE_DIR_PATH}/Podfile.lock",
				"${PODS_ROOT}/Manifest.lock",
			);
			name = "[CP] Check Pods Manifest.lock";
			outputPaths = (
				"$(DERIVED_FILE_DIR)/Pods-Demo-checkManifestLockResult.txt",
			);
			runOnlyForDeploymentPostprocessing = 0;
			shellPath = /bin/sh;
			shellScript = "diff \"${PODS_PODFILE_DIR_PATH}/Podfile.lock\" \"${PODS_ROOT}/Manifest.lock\" > /dev/null\nif [ $? != 0 ] ; then\n    # print error to STDERR\n    echo \"error: The sandbox is not in sync with the Podfile.lock. Run 'pod install' or update your CocoaPods installation.\" >&2\n    exit 1\nfi\n# This output is used by Xcode 'outputs' to avoid re-running this script phase.\necho \"SUCCESS\" > \"${SCRIPT_OUTPUT_FILE_0}\"\n";
			showEnvVarsInLog = 0;
		};
		C159EDD4B492B99581F29129 /* [CP] Check Pods Manifest.lock */ = {
			isa = PBXShellScriptBuildPhase;
			buildActionMask = 2147483647;
			files = (
			);
			inputPaths = (
				"${PODS_PODFILE_DIR_PATH}/Podfile.lock",
				"${PODS_ROOT}/Manifest.lock",
			);
			name = "[CP] Check Pods Manifest.lock";
			outputPaths = (
				"$(DERIVED_FILE_DIR)/Pods-LastfmClient-checkManifestLockResult.txt",
			);
			runOnlyForDeploymentPostprocessing = 0;
			shellPath = /bin/sh;
			shellScript = "diff \"${PODS_PODFILE_DIR_PATH}/Podfile.lock\" \"${PODS_ROOT}/Manifest.lock\" > /dev/null\nif [ $? != 0 ] ; then\n    # print error to STDERR\n    echo \"error: The sandbox is not in sync with the Podfile.lock. Run 'pod install' or update your CocoaPods installation.\" >&2\n    exit 1\nfi\n# This output is used by Xcode 'outputs' to avoid re-running this script phase.\necho \"SUCCESS\" > \"${SCRIPT_OUTPUT_FILE_0}\"\n";
			showEnvVarsInLog = 0;
		};
		EFC7C846E89A67304C21740B /* [CP] Copy Pods Resources */ = {
			isa = PBXShellScriptBuildPhase;
			buildActionMask = 2147483647;
			files = (
			);
			inputPaths = (
			);
			name = "[CP] Copy Pods Resources";
			outputPaths = (
			);
			runOnlyForDeploymentPostprocessing = 0;
			shellPath = /bin/sh;
			shellScript = "\"${SRCROOT}/Pods/Target Support Files/Pods-Demo/Pods-Demo-resources.sh\"\n";
			showEnvVarsInLog = 0;
		};
/* End PBXShellScriptBuildPhase section */

/* Begin PBXSourcesBuildPhase section */
		32484B802037F27500BCE94B /* Sources */ = {
			isa = PBXSourcesBuildPhase;
			buildActionMask = 2147483647;
			files = (
				32CACFFB20384CA9004BAC93 /* StringCodableMap.swift in Sources */,
				32CACFFD20384CCC004BAC93 /* User.swift in Sources */,
				32484BCC2038001B00BCE94B /* UserAPI.swift in Sources */,
				32484BC62037F9D500BCE94B /* Configuration.swift in Sources */,
				32484BC42037F7D200BCE94B /* LastfmAPI.swift in Sources */,
			);
			runOnlyForDeploymentPostprocessing = 0;
		};
		32484B8A2037F27600BCE94B /* Sources */ = {
			isa = PBXSourcesBuildPhase;
			buildActionMask = 2147483647;
			files = (
				326A99862038152F004E9F05 /* UserTests.swift in Sources */,
				32484BCE2038052D00BCE94B /* TestConfiguration.swift in Sources */,
				32484BD02038053B00BCE94B /* TestConfiguration.sample.swift in Sources */,
			);
			runOnlyForDeploymentPostprocessing = 0;
		};
		32484B9F2037F2C600BCE94B /* Sources */ = {
			isa = PBXSourcesBuildPhase;
			buildActionMask = 2147483647;
			files = (
				32484BA82037F2C600BCE94B /* ViewController.swift in Sources */,
				32484BA62037F2C600BCE94B /* AppDelegate.swift in Sources */,
			);
			runOnlyForDeploymentPostprocessing = 0;
		};
/* End PBXSourcesBuildPhase section */

/* Begin PBXTargetDependency section */
		32484B912037F27600BCE94B /* PBXTargetDependency */ = {
			isa = PBXTargetDependency;
			target = 32484B842037F27500BCE94B /* LastfmClient */;
			targetProxy = 32484B902037F27600BCE94B /* PBXContainerItemProxy */;
		};
/* End PBXTargetDependency section */

/* Begin PBXVariantGroup section */
		32484BA92037F2C600BCE94B /* Main.storyboard */ = {
			isa = PBXVariantGroup;
			children = (
				32484BAA2037F2C600BCE94B /* Base */,
			);
			name = Main.storyboard;
			sourceTree = "<group>";
		};
		32484BAE2037F2C600BCE94B /* LaunchScreen.storyboard */ = {
			isa = PBXVariantGroup;
			children = (
				32484BAF2037F2C600BCE94B /* Base */,
			);
			name = LaunchScreen.storyboard;
			sourceTree = "<group>";
		};
/* End PBXVariantGroup section */

/* Begin XCBuildConfiguration section */
		32484B972037F27600BCE94B /* Debug */ = {
			isa = XCBuildConfiguration;
			buildSettings = {
				ALWAYS_SEARCH_USER_PATHS = NO;
				CLANG_ANALYZER_NONNULL = YES;
				CLANG_ANALYZER_NUMBER_OBJECT_CONVERSION = YES_AGGRESSIVE;
				CLANG_CXX_LANGUAGE_STANDARD = "gnu++14";
				CLANG_CXX_LIBRARY = "libc++";
				CLANG_ENABLE_MODULES = YES;
				CLANG_ENABLE_OBJC_ARC = YES;
				CLANG_WARN_BLOCK_CAPTURE_AUTORELEASING = YES;
				CLANG_WARN_BOOL_CONVERSION = YES;
				CLANG_WARN_COMMA = YES;
				CLANG_WARN_CONSTANT_CONVERSION = YES;
				CLANG_WARN_DIRECT_OBJC_ISA_USAGE = YES_ERROR;
				CLANG_WARN_DOCUMENTATION_COMMENTS = YES;
				CLANG_WARN_EMPTY_BODY = YES;
				CLANG_WARN_ENUM_CONVERSION = YES;
				CLANG_WARN_INFINITE_RECURSION = YES;
				CLANG_WARN_INT_CONVERSION = YES;
				CLANG_WARN_NON_LITERAL_NULL_CONVERSION = YES;
				CLANG_WARN_OBJC_LITERAL_CONVERSION = YES;
				CLANG_WARN_OBJC_ROOT_CLASS = YES_ERROR;
				CLANG_WARN_RANGE_LOOP_ANALYSIS = YES;
				CLANG_WARN_STRICT_PROTOTYPES = YES;
				CLANG_WARN_SUSPICIOUS_MOVE = YES;
				CLANG_WARN_UNGUARDED_AVAILABILITY = YES_AGGRESSIVE;
				CLANG_WARN_UNREACHABLE_CODE = YES;
				CLANG_WARN__DUPLICATE_METHOD_MATCH = YES;
				CODE_SIGN_IDENTITY = "iPhone Developer";
				COPY_PHASE_STRIP = NO;
				CURRENT_PROJECT_VERSION = 1;
				DEBUG_INFORMATION_FORMAT = dwarf;
				ENABLE_STRICT_OBJC_MSGSEND = YES;
				ENABLE_TESTABILITY = YES;
				GCC_C_LANGUAGE_STANDARD = gnu11;
				GCC_DYNAMIC_NO_PIC = NO;
				GCC_NO_COMMON_BLOCKS = YES;
				GCC_OPTIMIZATION_LEVEL = 0;
				GCC_PREPROCESSOR_DEFINITIONS = (
					"DEBUG=1",
					"$(inherited)",
				);
				GCC_WARN_64_TO_32_BIT_CONVERSION = YES;
				GCC_WARN_ABOUT_RETURN_TYPE = YES_ERROR;
				GCC_WARN_UNDECLARED_SELECTOR = YES;
				GCC_WARN_UNINITIALIZED_AUTOS = YES_AGGRESSIVE;
				GCC_WARN_UNUSED_FUNCTION = YES;
				GCC_WARN_UNUSED_VARIABLE = YES;
				IPHONEOS_DEPLOYMENT_TARGET = 11.2;
				MTL_ENABLE_DEBUG_INFO = YES;
				ONLY_ACTIVE_ARCH = YES;
				SDKROOT = iphoneos;
				SWIFT_ACTIVE_COMPILATION_CONDITIONS = DEBUG;
				SWIFT_OPTIMIZATION_LEVEL = "-Onone";
				VERSIONING_SYSTEM = "apple-generic";
				VERSION_INFO_PREFIX = "";
			};
			name = Debug;
		};
		32484B982037F27600BCE94B /* Release */ = {
			isa = XCBuildConfiguration;
			buildSettings = {
				ALWAYS_SEARCH_USER_PATHS = NO;
				CLANG_ANALYZER_NONNULL = YES;
				CLANG_ANALYZER_NUMBER_OBJECT_CONVERSION = YES_AGGRESSIVE;
				CLANG_CXX_LANGUAGE_STANDARD = "gnu++14";
				CLANG_CXX_LIBRARY = "libc++";
				CLANG_ENABLE_MODULES = YES;
				CLANG_ENABLE_OBJC_ARC = YES;
				CLANG_WARN_BLOCK_CAPTURE_AUTORELEASING = YES;
				CLANG_WARN_BOOL_CONVERSION = YES;
				CLANG_WARN_COMMA = YES;
				CLANG_WARN_CONSTANT_CONVERSION = YES;
				CLANG_WARN_DIRECT_OBJC_ISA_USAGE = YES_ERROR;
				CLANG_WARN_DOCUMENTATION_COMMENTS = YES;
				CLANG_WARN_EMPTY_BODY = YES;
				CLANG_WARN_ENUM_CONVERSION = YES;
				CLANG_WARN_INFINITE_RECURSION = YES;
				CLANG_WARN_INT_CONVERSION = YES;
				CLANG_WARN_NON_LITERAL_NULL_CONVERSION = YES;
				CLANG_WARN_OBJC_LITERAL_CONVERSION = YES;
				CLANG_WARN_OBJC_ROOT_CLASS = YES_ERROR;
				CLANG_WARN_RANGE_LOOP_ANALYSIS = YES;
				CLANG_WARN_STRICT_PROTOTYPES = YES;
				CLANG_WARN_SUSPICIOUS_MOVE = YES;
				CLANG_WARN_UNGUARDED_AVAILABILITY = YES_AGGRESSIVE;
				CLANG_WARN_UNREACHABLE_CODE = YES;
				CLANG_WARN__DUPLICATE_METHOD_MATCH = YES;
				CODE_SIGN_IDENTITY = "iPhone Developer";
				COPY_PHASE_STRIP = NO;
				CURRENT_PROJECT_VERSION = 1;
				DEBUG_INFORMATION_FORMAT = "dwarf-with-dsym";
				ENABLE_NS_ASSERTIONS = NO;
				ENABLE_STRICT_OBJC_MSGSEND = YES;
				GCC_C_LANGUAGE_STANDARD = gnu11;
				GCC_NO_COMMON_BLOCKS = YES;
				GCC_WARN_64_TO_32_BIT_CONVERSION = YES;
				GCC_WARN_ABOUT_RETURN_TYPE = YES_ERROR;
				GCC_WARN_UNDECLARED_SELECTOR = YES;
				GCC_WARN_UNINITIALIZED_AUTOS = YES_AGGRESSIVE;
				GCC_WARN_UNUSED_FUNCTION = YES;
				GCC_WARN_UNUSED_VARIABLE = YES;
				IPHONEOS_DEPLOYMENT_TARGET = 11.2;
				MTL_ENABLE_DEBUG_INFO = NO;
				SDKROOT = iphoneos;
				SWIFT_OPTIMIZATION_LEVEL = "-Owholemodule";
				VALIDATE_PRODUCT = YES;
				VERSIONING_SYSTEM = "apple-generic";
				VERSION_INFO_PREFIX = "";
			};
			name = Release;
		};
		32484B9A2037F27600BCE94B /* Debug */ = {
			isa = XCBuildConfiguration;
			baseConfigurationReference = 3AFD905FC1FB496D956E3F97 /* Pods-LastfmClient.debug.xcconfig */;
			buildSettings = {
				CLANG_ENABLE_MODULES = YES;
				CODE_SIGN_IDENTITY = "";
				CODE_SIGN_STYLE = Automatic;
				DEFINES_MODULE = YES;
				DEVELOPMENT_TEAM = 5NG7BR536A;
				DYLIB_COMPATIBILITY_VERSION = 1;
				DYLIB_CURRENT_VERSION = 1;
				DYLIB_INSTALL_NAME_BASE = "@rpath";
				INFOPLIST_FILE = LastfmClient/Info.plist;
				INSTALL_PATH = "$(LOCAL_LIBRARY_DIR)/Frameworks";
				LD_RUNPATH_SEARCH_PATHS = "$(inherited) @executable_path/Frameworks @loader_path/Frameworks";
				PRODUCT_BUNDLE_IDENTIFIER = com.starhoshi.lastfmclient.LastfmClient;
				PRODUCT_NAME = "$(TARGET_NAME:c99extidentifier)";
				SKIP_INSTALL = YES;
				SWIFT_OPTIMIZATION_LEVEL = "-Onone";
				SWIFT_VERSION = 4.0;
				TARGETED_DEVICE_FAMILY = "1,2";
			};
			name = Debug;
		};
		32484B9B2037F27600BCE94B /* Release */ = {
			isa = XCBuildConfiguration;
			baseConfigurationReference = 9EF76276C8DD22DEA0699803 /* Pods-LastfmClient.release.xcconfig */;
			buildSettings = {
				CLANG_ENABLE_MODULES = YES;
				CODE_SIGN_IDENTITY = "";
				CODE_SIGN_STYLE = Automatic;
				DEFINES_MODULE = YES;
				DEVELOPMENT_TEAM = 5NG7BR536A;
				DYLIB_COMPATIBILITY_VERSION = 1;
				DYLIB_CURRENT_VERSION = 1;
				DYLIB_INSTALL_NAME_BASE = "@rpath";
				INFOPLIST_FILE = LastfmClient/Info.plist;
				INSTALL_PATH = "$(LOCAL_LIBRARY_DIR)/Frameworks";
				LD_RUNPATH_SEARCH_PATHS = "$(inherited) @executable_path/Frameworks @loader_path/Frameworks";
				PRODUCT_BUNDLE_IDENTIFIER = com.starhoshi.lastfmclient.LastfmClient;
				PRODUCT_NAME = "$(TARGET_NAME:c99extidentifier)";
				SKIP_INSTALL = YES;
				SWIFT_VERSION = 4.0;
				TARGETED_DEVICE_FAMILY = "1,2";
			};
			name = Release;
		};
		32484B9D2037F27600BCE94B /* Debug */ = {
			isa = XCBuildConfiguration;
			baseConfigurationReference = 020687654B5D4344B53FC842 /* Pods-LastfmClientTests.debug.xcconfig */;
			buildSettings = {
				ALWAYS_EMBED_SWIFT_STANDARD_LIBRARIES = YES;
				CODE_SIGN_STYLE = Automatic;
				DEVELOPMENT_TEAM = 5NG7BR536A;
				INFOPLIST_FILE = LastfmClientTests/Info.plist;
				LD_RUNPATH_SEARCH_PATHS = "$(inherited) @executable_path/Frameworks @loader_path/Frameworks";
				PRODUCT_BUNDLE_IDENTIFIER = com.starhoshi.lastfmclient.LastfmClientTests;
				PRODUCT_NAME = "$(TARGET_NAME)";
				SWIFT_VERSION = 4.0;
				TARGETED_DEVICE_FAMILY = "1,2";
			};
			name = Debug;
		};
		32484B9E2037F27600BCE94B /* Release */ = {
			isa = XCBuildConfiguration;
			baseConfigurationReference = E7510002203317D9B2F109FD /* Pods-LastfmClientTests.release.xcconfig */;
			buildSettings = {
				ALWAYS_EMBED_SWIFT_STANDARD_LIBRARIES = YES;
				CODE_SIGN_STYLE = Automatic;
				DEVELOPMENT_TEAM = 5NG7BR536A;
				INFOPLIST_FILE = LastfmClientTests/Info.plist;
				LD_RUNPATH_SEARCH_PATHS = "$(inherited) @executable_path/Frameworks @loader_path/Frameworks";
				PRODUCT_BUNDLE_IDENTIFIER = com.starhoshi.lastfmclient.LastfmClientTests;
				PRODUCT_NAME = "$(TARGET_NAME)";
				SWIFT_VERSION = 4.0;
				TARGETED_DEVICE_FAMILY = "1,2";
			};
			name = Release;
		};
		32484BBE2037F2C600BCE94B /* Debug */ = {
			isa = XCBuildConfiguration;
			baseConfigurationReference = BD1AFB9BC0048A78DDE9D0CB /* Pods-Demo.debug.xcconfig */;
			buildSettings = {
				ASSETCATALOG_COMPILER_APPICON_NAME = AppIcon;
				CODE_SIGN_STYLE = Automatic;
				DEVELOPMENT_TEAM = 5NG7BR536A;
				INFOPLIST_FILE = Demo/Info.plist;
				LD_RUNPATH_SEARCH_PATHS = "$(inherited) @executable_path/Frameworks";
				PRODUCT_BUNDLE_IDENTIFIER = com.starhoshi.lastfmclient.Demo;
				PRODUCT_NAME = "$(TARGET_NAME)";
				SWIFT_VERSION = 4.0;
				TARGETED_DEVICE_FAMILY = "1,2";
			};
			name = Debug;
		};
		32484BBF2037F2C600BCE94B /* Release */ = {
			isa = XCBuildConfiguration;
			baseConfigurationReference = BE035DF86367E2D11CE73EA2 /* Pods-Demo.release.xcconfig */;
			buildSettings = {
				ASSETCATALOG_COMPILER_APPICON_NAME = AppIcon;
				CODE_SIGN_STYLE = Automatic;
				DEVELOPMENT_TEAM = 5NG7BR536A;
				INFOPLIST_FILE = Demo/Info.plist;
				LD_RUNPATH_SEARCH_PATHS = "$(inherited) @executable_path/Frameworks";
				PRODUCT_BUNDLE_IDENTIFIER = com.starhoshi.lastfmclient.Demo;
				PRODUCT_NAME = "$(TARGET_NAME)";
				SWIFT_VERSION = 4.0;
				TARGETED_DEVICE_FAMILY = "1,2";
			};
			name = Release;
		};
/* End XCBuildConfiguration section */

/* Begin XCConfigurationList section */
		32484B7F2037F27500BCE94B /* Build configuration list for PBXProject "LastfmClient" */ = {
			isa = XCConfigurationList;
			buildConfigurations = (
				32484B972037F27600BCE94B /* Debug */,
				32484B982037F27600BCE94B /* Release */,
			);
			defaultConfigurationIsVisible = 0;
			defaultConfigurationName = Release;
		};
		32484B992037F27600BCE94B /* Build configuration list for PBXNativeTarget "LastfmClient" */ = {
			isa = XCConfigurationList;
			buildConfigurations = (
				32484B9A2037F27600BCE94B /* Debug */,
				32484B9B2037F27600BCE94B /* Release */,
			);
			defaultConfigurationIsVisible = 0;
			defaultConfigurationName = Release;
		};
		32484B9C2037F27600BCE94B /* Build configuration list for PBXNativeTarget "LastfmClientTests" */ = {
			isa = XCConfigurationList;
			buildConfigurations = (
				32484B9D2037F27600BCE94B /* Debug */,
				32484B9E2037F27600BCE94B /* Release */,
			);
			defaultConfigurationIsVisible = 0;
			defaultConfigurationName = Release;
		};
		32484BBD2037F2C600BCE94B /* Build configuration list for PBXNativeTarget "Demo" */ = {
			isa = XCConfigurationList;
			buildConfigurations = (
				32484BBE2037F2C600BCE94B /* Debug */,
				32484BBF2037F2C600BCE94B /* Release */,
			);
			defaultConfigurationIsVisible = 0;
			defaultConfigurationName = Release;
		};
/* End XCConfigurationList section */
	};
	rootObject = 32484B7C2037F27500BCE94B /* Project object */;
}
